
Microsoft Visual Studio Solution File, Format Version 12.00
# Visual Studio Version 17
VisualStudioVersion = 17.4.33213.308
MinimumVisualStudioVersion = 10.0.40219.1
Project("{FAE04EC0-301F-11D3-BF4B-00C04F79EFBC}") = "BambusVM", "BambusVM\BambusVM.csproj", "{40A83DD8-5878-4433-80DB-B80339E33A6C}"
EndProject
Project("{FAE04EC0-301F-11D3-BF4B-00C04F79EFBC}") = "BambusVM.Runtime", "BambusVM.Runtime\BambusVM.Runtime.csproj", "{CE5E6BBE-61D5-4594-BFCA-7B3305A98F57}"
EndProject
Global
	GlobalSection(SolutionConfigurationPlatforms) = preSolution
		Debug|Any CPU = Debug|Any CPU
		Release|Any CPU = Release|Any CPU
	EndGlobalSection
	GlobalSection(ProjectConfigurationPlatforms) = postSolution
		{40A83DD8-5878-4433-80DB-B80339E33A6C}.Debug|Any CPU.ActiveCfg = Debug|Any CPU
		{40A83DD8-5878-4433-80DB-B80339E33A6C}.Debug|Any CPU.Build.0 = Debug|Any CPU
		{40A83DD8-5878-4433-80DB-B80339E33A6C}.Release|Any CPU.ActiveCfg = Release|Any CPU
		{40A83DD8-5878-4433-80DB-B80339E33A6C}.Release|Any CPU.Build.0 = Release|Any CPU
		{CE5E6BBE-61D5-4594-BFCA-7B3305A98F57}.Debug|Any CPU.ActiveCfg = Debug|Any CPU
		{CE5E6BBE-61D5-4594-BFCA-7B3305A98F57}.Debug|Any CPU.Build.0 = Debug|Any CPU
		{CE5E6BBE-61D5-4594-BFCA-7B3305A98F57}.Release|Any CPU.ActiveCfg = Release|Any CPU
		{CE5E6BBE-61D5-4594-BFCA-7B3305A98F57}.Release|Any CPU.Build.0 = Release|Any CPU
	EndGlobalSection
	GlobalSection(SolutionProperties) = preSolution
		HideSolutionNode = FALSE
	EndGlobalSection
	GlobalSection(ExtensibilityGlobals) = postSolution
		SolutionGuid = {53083DBB-DCD9-4C60-8978-D05D4C3BE5E4}
	EndGlobalSection
EndGlobal
